
Microsoft Visual Studio Solution File, Format Version 12.00
# Visual Studio 15
VisualStudioVersion = 15.0.26730.12
MinimumVisualStudioVersion = 10.0.40219.1
Project("{FAE04EC0-301F-11D3-BF4B-00C04F79EFBC}") = "TalPyramid", "TalPyramid\TalPyramid.csproj", "{1B32E66E-8253-4F32-BCBA-4AB7B4A7951A}"
EndProject
Global
	GlobalSection(SolutionConfigurationPlatforms) = preSolution
		Debug|Any CPU = Debug|Any CPU
		Release|Any CPU = Release|Any CPU
	EndGlobalSection
	GlobalSection(ProjectConfigurationPlatforms) = postSolution
		{1B32E66E-8253-4F32-BCBA-4AB7B4A7951A}.Debug|Any CPU.ActiveCfg = Debug|Any CPU
		{1B32E66E-8253-4F32-BCBA-4AB7B4A7951A}.Debug|Any CPU.Build.0 = Debug|Any CPU
		{1B32E66E-8253-4F32-BCBA-4AB7B4A7951A}.Release|Any CPU.ActiveCfg = Release|Any CPU
		{1B32E66E-8253-4F32-BCBA-4AB7B4A7951A}.Release|Any CPU.Build.0 = Release|Any CPU
	EndGlobalSection
	GlobalSection(SolutionProperties) = preSolution
		HideSolutionNode = FALSE
	EndGlobalSection
	GlobalSection(ExtensibilityGlobals) = postSolution
		SolutionGuid = {A379C8E0-9E9B-4EE4-BC34-E769E2B7F74E}
	EndGlobalSection
EndGlobal
